{
  "lockfileVersion": 1,
  "workspaces": {
    "": {
      "name": "vlink-server",
      "dependencies": {
        "ws": "^8.13.0",
      },
    },
  },
  "packages": {
    "ws": ["ws@8.18.2", "", { "peerDependencies": { "bufferutil": "^4.0.1", "utf-8-validate": ">=5.0.2" }, "optionalPeers": ["bufferutil", "utf-8-validate"] }, "sha512-DMricUmwGZUVr++AEAe2uiVM7UoO9MAVZMDu05UQOaUII0lp+zOzLLU4Xqh/JvTqklB1T4uELaaPBKyjE1r4fQ=="],
  }
}
